
Microsoft Visual Studio Solution File, Format Version 12.00
# Visual Studio Version 16
VisualStudioVersion = 16.0.32002.261
MinimumVisualStudioVersion = 10.0.40219.1
Project("{8BC9CEB8-8B4A-11D0-8D11-00A0C91BC942}") = "Search", "Search\Search.vcxproj", "{CDA19EFA-134F-4345-A9E5-ABE6EEFE8E5A}"
EndProject
Global
	GlobalSection(SolutionConfigurationPlatforms) = preSolution
		Debug|x64 = Debug|x64
		Debug|x86 = Debug|x86
		Release|x64 = Release|x64
		Release|x86 = Release|x86
	EndGlobalSection
	GlobalSection(ProjectConfigurationPlatforms) = postSolution
		{CDA19EFA-134F-4345-A9E5-ABE6EEFE8E5A}.Debug|x64.ActiveCfg = Debug|x64
		{CDA19EFA-134F-4345-A9E5-ABE6EEFE8E5A}.Debug|x64.Build.0 = Debug|x64
		{CDA19EFA-134F-4345-A9E5-ABE6EEFE8E5A}.Debug|x86.ActiveCfg = Debug|Win32
		{CDA19EFA-134F-4345-A9E5-ABE6EEFE8E5A}.Debug|x86.Build.0 = Debug|Win32
		{CDA19EFA-134F-4345-A9E5-ABE6EEFE8E5A}.Release|x64.ActiveCfg = Release|x64
		{CDA19EFA-134F-4345-A9E5-ABE6EEFE8E5A}.Release|x64.Build.0 = Release|x64
		{CDA19EFA-134F-4345-A9E5-ABE6EEFE8E5A}.Release|x86.ActiveCfg = Release|Win32
		{CDA19EFA-134F-4345-A9E5-ABE6EEFE8E5A}.Release|x86.Build.0 = Release|Win32
	EndGlobalSection
	GlobalSection(SolutionProperties) = preSolution
		HideSolutionNode = FALSE
	EndGlobalSection
	GlobalSection(ExtensibilityGlobals) = postSolution
		SolutionGuid = {B98D71A5-D09C-4819-B037-A27FCDA0B55D}
	EndGlobalSection
EndGlobal
